
Microsoft Visual Studio Solution File, Format Version 12.00
# Visual Studio Version 17
VisualStudioVersion = 17.4.33213.308
MinimumVisualStudioVersion = 10.0.40219.1
Project("{9A19103F-16F7-4668-BE54-9A1E7A4F7556}") = "Portfolio", "Portfolio\Portfolio.csproj", "{EA2E9583-4876-404E-AB0A-DEE35FF519B2}"
EndProject
Project("{9A19103F-16F7-4668-BE54-9A1E7A4F7556}") = "UnitTests", "UnitTests\UnitTests.csproj", "{CCE2CDE6-F74B-45A7-A17A-F5FA453A745E}"
EndProject
Project("{2150E333-8FDC-42A3-9474-1A3956D46DE8}") = "Solution Items", "Solution Items", "{938A7BA6-A631-416C-BE59-843BCF219034}"
	ProjectSection(SolutionItems) = preProject
		Portfolio\.editorconfig = Portfolio\.editorconfig
	EndProjectSection
Project("{FAE04EC0-301F-11D3-BF4B-00C04F79EFBC}") = "TestPortfolio", "TestPortfolio\TestPortfolio.csproj", "{0F03FD68-B9C7-4962-98A7-58F2A4D40D50}"
EndProject
Global
	GlobalSection(SolutionConfigurationPlatforms) = preSolution
		Debug|Any CPU = Debug|Any CPU
		Release|Any CPU = Release|Any CPU
	EndGlobalSection
	GlobalSection(ProjectConfigurationPlatforms) = postSolution
		{EA2E9583-4876-404E-AB0A-DEE35FF519B2}.Debug|Any CPU.ActiveCfg = Debug|Any CPU
		{EA2E9583-4876-404E-AB0A-DEE35FF519B2}.Debug|Any CPU.Build.0 = Debug|Any CPU
		{EA2E9583-4876-404E-AB0A-DEE35FF519B2}.Release|Any CPU.ActiveCfg = Release|Any CPU
		{EA2E9583-4876-404E-AB0A-DEE35FF519B2}.Release|Any CPU.Build.0 = Release|Any CPU
		{CCE2CDE6-F74B-45A7-A17A-F5FA453A745E}.Debug|Any CPU.ActiveCfg = Debug|Any CPU
		{CCE2CDE6-F74B-45A7-A17A-F5FA453A745E}.Debug|Any CPU.Build.0 = Debug|Any CPU
		{CCE2CDE6-F74B-45A7-A17A-F5FA453A745E}.Release|Any CPU.ActiveCfg = Release|Any CPU
		{CCE2CDE6-F74B-45A7-A17A-F5FA453A745E}.Release|Any CPU.Build.0 = Release|Any CPU
		{0F03FD68-B9C7-4962-98A7-58F2A4D40D50}.Debug|Any CPU.ActiveCfg = Debug|Any CPU
		{0F03FD68-B9C7-4962-98A7-58F2A4D40D50}.Debug|Any CPU.Build.0 = Debug|Any CPU
		{0F03FD68-B9C7-4962-98A7-58F2A4D40D50}.Release|Any CPU.ActiveCfg = Release|Any CPU
		{0F03FD68-B9C7-4962-98A7-58F2A4D40D50}.Release|Any CPU.Build.0 = Release|Any CPU
	EndGlobalSection
	GlobalSection(SolutionProperties) = preSolution
		HideSolutionNode = FALSE
	EndGlobalSection
	GlobalSection(ExtensibilityGlobals) = postSolution
		SolutionGuid = {A6814212-6075-4E93-AF0B-DADC302B43A2}
	EndGlobalSection
EndGlobal
